// !$*UTF8*$!
{
	archiveVersion = 1;
	classes = {
	};
	objectVersion = 46;
	objects = {

/* Begin PBXBuildFile section */
		229173BD1CE98FB60085378C /* SwiftDataStructures.h in Headers */ = {isa = PBXBuildFile; fileRef = 229173BC1CE98FB60085378C /* SwiftDataStructures.h */; settings = {ATTRIBUTES = (Public, ); }; };
		229173C41CE98FB60085378C /* SwiftDataStructures.framework in Frameworks */ = {isa = PBXBuildFile; fileRef = 229173B91CE98FB60085378C /* SwiftDataStructures.framework */; };
		229173C91CE98FB60085378C /* SwiftDataStructuresTests.swift in Sources */ = {isa = PBXBuildFile; fileRef = 229173C81CE98FB60085378C /* SwiftDataStructuresTests.swift */; };
		229173D41CE98FC50085378C /* Node.swift in Sources */ = {isa = PBXBuildFile; fileRef = 229173D31CE98FC50085378C /* Node.swift */; };
		229A5A0E1CF1454100CD0D75 /* Stack.swift in Sources */ = {isa = PBXBuildFile; fileRef = 229A5A0D1CF1454100CD0D75 /* Stack.swift */; };
		229A5A101CF3C5AA00CD0D75 /* Heap.swift in Sources */ = {isa = PBXBuildFile; fileRef = 229A5A0F1CF3C5AA00CD0D75 /* Heap.swift */; };
		22EAC1B11CEAC51900C1F5EF /* List.swift in Sources */ = {isa = PBXBuildFile; fileRef = 22EAC1B01CEAC51900C1F5EF /* List.swift */; };
/* End PBXBuildFile section */

/* Begin PBXContainerItemProxy section */
		229173C51CE98FB60085378C /* PBXContainerItemProxy */ = {
			isa = PBXContainerItemProxy;
			containerPortal = 229173B01CE98FB60085378C /* Project object */;
			proxyType = 1;
			remoteGlobalIDString = 229173B81CE98FB60085378C;
			remoteInfo = SwiftDataStructures;
		};
/* End PBXContainerItemProxy section */

/* Begin PBXFileReference section */
		229173B91CE98FB60085378C /* SwiftDataStructures.framework */ = {isa = PBXFileReference; explicitFileType = wrapper.framework; includeInIndex = 0; path = SwiftDataStructures.framework; sourceTree = BUILT_PRODUCTS_DIR; };
		229173BC1CE98FB60085378C /* SwiftDataStructures.h */ = {isa = PBXFileReference; lastKnownFileType = sourcecode.c.h; path = SwiftDataStructures.h; sourceTree = "<group>"; };
		229173BE1CE98FB60085378C /* Info.plist */ = {isa = PBXFileReference; lastKnownFileType = text.plist.xml; path = Info.plist; sourceTree = "<group>"; };
		229173C31CE98FB60085378C /* SwiftDataStructuresTests.xctest */ = {isa = PBXFileReference; explicitFileType = wrapper.cfbundle; includeInIndex = 0; path = SwiftDataStructuresTests.xctest; sourceTree = BUILT_PRODUCTS_DIR; };
		229173C81CE98FB60085378C /* SwiftDataStructuresTests.swift */ = {isa = PBXFileReference; lastKnownFileType = sourcecode.swift; path = SwiftDataStructuresTests.swift; sourceTree = "<group>"; };
		229173CA1CE98FB60085378C /* Info.plist */ = {isa = PBXFileReference; lastKnownFileType = text.plist.xml; path = Info.plist; sourceTree = "<group>"; };
		229173D31CE98FC50085378C /* Node.swift */ = {isa = PBXFileReference; fileEncoding = 4; lastKnownFileType = sourcecode.swift; path = Node.swift; sourceTree = "<group>"; };
		229A5A0D1CF1454100CD0D75 /* Stack.swift */ = {isa = PBXFileReference; fileEncoding = 4; lastKnownFileType = sourcecode.swift; path = Stack.swift; sourceTree = "<group>"; };
		229A5A0F1CF3C5AA00CD0D75 /* Heap.swift */ = {isa = PBXFileReference; fileEncoding = 4; lastKnownFileType = sourcecode.swift; path = Heap.swift; sourceTree = "<group>"; };
		22EAC1B01CEAC51900C1F5EF /* List.swift */ = {isa = PBXFileReference; fileEncoding = 4; lastKnownFileType = sourcecode.swift; path = List.swift; sourceTree = "<group>"; };
/* End PBXFileReference section */

/* Begin PBXFrameworksBuildPhase section */
		229173B51CE98FB60085378C /* Frameworks */ = {
			isa = PBXFrameworksBuildPhase;
			buildActionMask = 2147483647;
			files = (
			);
			runOnlyForDeploymentPostprocessing = 0;
		};
		229173C01CE98FB60085378C /* Frameworks */ = {
			isa = PBXFrameworksBuildPhase;
			buildActionMask = 2147483647;
			files = (
				229173C41CE98FB60085378C /* SwiftDataStructures.framework in Frameworks */,
			);
			runOnlyForDeploymentPostprocessing = 0;
		};
/* End PBXFrameworksBuildPhase section */

/* Begin PBXGroup section */
		229173AF1CE98FB60085378C = {
			isa = PBXGroup;
			children = (
				229173BB1CE98FB60085378C /* SwiftDataStructures */,
				229173C71CE98FB60085378C /* SwiftDataStructuresTests */,
				229173BA1CE98FB60085378C /* Products */,
			);
			sourceTree = "<group>";
		};
		229173BA1CE98FB60085378C /* Products */ = {
			isa = PBXGroup;
			children = (
				229173B91CE98FB60085378C /* SwiftDataStructures.framework */,
				229173C31CE98FB60085378C /* SwiftDataStructuresTests.xctest */,
			);
			name = Products;
			sourceTree = "<group>";
		};
		229173BB1CE98FB60085378C /* SwiftDataStructures */ = {
			isa = PBXGroup;
			children = (
				229173BC1CE98FB60085378C /* SwiftDataStructures.h */,
				229173D31CE98FC50085378C /* Node.swift */,
				22EAC1B01CEAC51900C1F5EF /* List.swift */,
				229A5A0D1CF1454100CD0D75 /* Stack.swift */,
				229A5A0F1CF3C5AA00CD0D75 /* Heap.swift */,
				229173BE1CE98FB60085378C /* Info.plist */,
			);
			path = SwiftDataStructures;
			sourceTree = "<group>";
		};
		229173C71CE98FB60085378C /* SwiftDataStructuresTests */ = {
			isa = PBXGroup;
			children = (
				229173C81CE98FB60085378C /* SwiftDataStructuresTests.swift */,
				229173CA1CE98FB60085378C /* Info.plist */,
			);
			path = SwiftDataStructuresTests;
			sourceTree = "<group>";
		};
/* End PBXGroup section */

/* Begin PBXHeadersBuildPhase section */
		229173B61CE98FB60085378C /* Headers */ = {
			isa = PBXHeadersBuildPhase;
			buildActionMask = 2147483647;
			files = (
				229173BD1CE98FB60085378C /* SwiftDataStructures.h in Headers */,
			);
			runOnlyForDeploymentPostprocessing = 0;
		};
/* End PBXHeadersBuildPhase section */

/* Begin PBXNativeTarget section */
		229173B81CE98FB60085378C /* SwiftDataStructures */ = {
			isa = PBXNativeTarget;
			buildConfigurationList = 229173CD1CE98FB60085378C /* Build configuration list for PBXNativeTarget "SwiftDataStructures" */;
			buildPhases = (
				229173B41CE98FB60085378C /* Sources */,
				229173B51CE98FB60085378C /* Frameworks */,
				229173B61CE98FB60085378C /* Headers */,
				229173B71CE98FB60085378C /* Resources */,
			);
			buildRules = (
			);
			dependencies = (
			);
			name = SwiftDataStructures;
			productName = SwiftDataStructures;
			productReference = 229173B91CE98FB60085378C /* SwiftDataStructures.framework */;
			productType = "com.apple.product-type.framework";
		};
		229173C21CE98FB60085378C /* SwiftDataStructuresTests */ = {
			isa = PBXNativeTarget;
			buildConfigurationList = 229173D01CE98FB60085378C /* Build configuration list for PBXNativeTarget "SwiftDataStructuresTests" */;
			buildPhases = (
				229173BF1CE98FB60085378C /* Sources */,
				229173C01CE98FB60085378C /* Frameworks */,
				229173C11CE98FB60085378C /* Resources */,
			);
			buildRules = (
			);
			dependencies = (
				229173C61CE98FB60085378C /* PBXTargetDependency */,
			);
			name = SwiftDataStructuresTests;
			productName = SwiftDataStructuresTests;
			productReference = 229173C31CE98FB60085378C /* SwiftDataStructuresTests.xctest */;
			productType = "com.apple.product-type.bundle.unit-test";
		};
/* End PBXNativeTarget section */

/* Begin PBXProject section */
		229173B01CE98FB60085378C /* Project object */ = {
			isa = PBXProject;
			attributes = {
				LastSwiftUpdateCheck = 0730;
				LastUpgradeCheck = 0730;
				ORGANIZATIONNAME = "Tim Harris";
				TargetAttributes = {
					229173B81CE98FB60085378C = {
						CreatedOnToolsVersion = 7.3.1;
						DevelopmentTeam = 68W5V575MP;
					};
					229173C21CE98FB60085378C = {
						CreatedOnToolsVersion = 7.3.1;
						DevelopmentTeam = 68W5V575MP;
					};
				};
			};
			buildConfigurationList = 229173B31CE98FB60085378C /* Build configuration list for PBXProject "SwiftDataStructures" */;
			compatibilityVersion = "Xcode 3.2";
			developmentRegion = English;
			hasScannedForEncodings = 0;
			knownRegions = (
				en,
			);
			mainGroup = 229173AF1CE98FB60085378C;
			productRefGroup = 229173BA1CE98FB60085378C /* Products */;
			projectDirPath = "";
			projectRoot = "";
			targets = (
				229173B81CE98FB60085378C /* SwiftDataStructures */,
				229173C21CE98FB60085378C /* SwiftDataStructuresTests */,
			);
		};
/* End PBXProject section */

/* Begin PBXResourcesBuildPhase section */
		229173B71CE98FB60085378C /* Resources */ = {
			isa = PBXResourcesBuildPhase;
			buildActionMask = 2147483647;
			files = (
			);
			runOnlyForDeploymentPostprocessing = 0;
		};
		229173C11CE98FB60085378C /* Resources */ = {
			isa = PBXResourcesBuildPhase;
			buildActionMask = 2147483647;
			files = (
			);
			runOnlyForDeploymentPostprocessing = 0;
		};
/* End PBXResourcesBuildPhase section */

/* Begin PBXSourcesBuildPhase section */
		229173B41CE98FB60085378C /* Sources */ = {
			isa = PBXSourcesBuildPhase;
			buildActionMask = 2147483647;
			files = (
				229173D41CE98FC50085378C /* Node.swift in Sources */,
				229A5A0E1CF1454100CD0D75 /* Stack.swift in Sources */,
				22EAC1B11CEAC51900C1F5EF /* List.swift in Sources */,
				229A5A101CF3C5AA00CD0D75 /* Heap.swift in Sources */,
			);
			runOnlyForDeploymentPostprocessing = 0;
		};
		229173BF1CE98FB60085378C /* Sources */ = {
			isa = PBXSourcesBuildPhase;
			buildActionMask = 2147483647;
			files = (
				229173C91CE98FB60085378C /* SwiftDataStructuresTests.swift in Sources */,
			);
			runOnlyForDeploymentPostprocessing = 0;
		};
/* End PBXSourcesBuildPhase section */

/* Begin PBXTargetDependency section */
		229173C61CE98FB60085378C /* PBXTargetDependency */ = {
			isa = PBXTargetDependency;
			target = 229173B81CE98FB60085378C /* SwiftDataStructures */;
			targetProxy = 229173C51CE98FB60085378C /* PBXContainerItemProxy */;
		};
/* End PBXTargetDependency section */

/* Begin XCBuildConfiguration section */
		229173CB1CE98FB60085378C /* Debug */ = {
			isa = XCBuildConfiguration;
			buildSettings = {
				ALWAYS_SEARCH_USER_PATHS = NO;
				CLANG_ANALYZER_NONNULL = YES;
				CLANG_CXX_LANGUAGE_STANDARD = "gnu++0x";
				CLANG_CXX_LIBRARY = "libc++";
				CLANG_ENABLE_MODULES = YES;
				CLANG_ENABLE_OBJC_ARC = YES;
				CLANG_WARN_BOOL_CONVERSION = YES;
				CLANG_WARN_CONSTANT_CONVERSION = YES;
				CLANG_WARN_DIRECT_OBJC_ISA_USAGE = YES_ERROR;
				CLANG_WARN_EMPTY_BODY = YES;
				CLANG_WARN_ENUM_CONVERSION = YES;
				CLANG_WARN_INT_CONVERSION = YES;
				CLANG_WARN_OBJC_ROOT_CLASS = YES_ERROR;
				CLANG_WARN_UNREACHABLE_CODE = YES;
				CLANG_WARN__DUPLICATE_METHOD_MATCH = YES;
				"CODE_SIGN_IDENTITY[sdk=iphoneos*]" = "iPhone Developer";
				COPY_PHASE_STRIP = NO;
				CURRENT_PROJECT_VERSION = 1;
				DEBUG_INFORMATION_FORMAT = dwarf;
				ENABLE_STRICT_OBJC_MSGSEND = YES;
				ENABLE_TESTABILITY = YES;
				GCC_C_LANGUAGE_STANDARD = gnu99;
				GCC_DYNAMIC_NO_PIC = NO;
				GCC_NO_COMMON_BLOCKS = YES;
				GCC_OPTIMIZATION_LEVEL = 0;
				GCC_PREPROCESSOR_DEFINITIONS = (
					"DEBUG=1",
					"$(inherited)",
				);
				GCC_WARN_64_TO_32_BIT_CONVERSION = YES;
				GCC_WARN_ABOUT_RETURN_TYPE = YES_ERROR;
				GCC_WARN_UNDECLARED_SELECTOR = YES;
				GCC_WARN_UNINITIALIZED_AUTOS = YES_AGGRESSIVE;
				GCC_WARN_UNUSED_FUNCTION = YES;
				GCC_WARN_UNUSED_VARIABLE = YES;
				IPHONEOS_DEPLOYMENT_TARGET = 9.3;
				MTL_ENABLE_DEBUG_INFO = YES;
				ONLY_ACTIVE_ARCH = YES;
				SDKROOT = iphoneos;
				SWIFT_OPTIMIZATION_LEVEL = "-Onone";
				TARGETED_DEVICE_FAMILY = "1,2";
				VERSIONING_SYSTEM = "apple-generic";
				VERSION_INFO_PREFIX = "";
			};
			name = Debug;
		};
		229173CC1CE98FB60085378C /* Release */ = {
			isa = XCBuildConfiguration;
			buildSettings = {
				ALWAYS_SEARCH_USER_PATHS = NO;
				CLANG_ANALYZER_NONNULL = YES;
				CLANG_CXX_LANGUAGE_STANDARD = "gnu++0x";
				CLANG_CXX_LIBRARY = "libc++";
				CLANG_ENABLE_MODULES = YES;
				CLANG_ENABLE_OBJC_ARC = YES;
				CLANG_WARN_BOOL_CONVERSION = YES;
				CLANG_WARN_CONSTANT_CONVERSION = YES;
				CLANG_WARN_DIRECT_OBJC_ISA_USAGE = YES_ERROR;
				CLANG_WARN_EMPTY_BODY = YES;
				CLANG_WARN_ENUM_CONVERSION = YES;
				CLANG_WARN_INT_CONVERSION = YES;
				CLANG_WARN_OBJC_ROOT_CLASS = YES_ERROR;
				CLANG_WARN_UNREACHABLE_CODE = YES;
				CLANG_WARN__DUPLICATE_METHOD_MATCH = YES;
				"CODE_SIGN_IDENTITY[sdk=iphoneos*]" = "iPhone Developer";
				COPY_PHASE_STRIP = NO;
				CURRENT_PROJECT_VERSION = 1;
				DEBUG_INFORMATION_FORMAT = "dwarf-with-dsym";
				ENABLE_NS_ASSERTIONS = NO;
				ENABLE_STRICT_OBJC_MSGSEND = YES;
				GCC_C_LANGUAGE_STANDARD = gnu99;
				GCC_NO_COMMON_BLOCKS = YES;
				GCC_WARN_64_TO_32_BIT_CONVERSION = YES;
				GCC_WARN_ABOUT_RETURN_TYPE = YES_ERROR;
				GCC_WARN_UNDECLARED_SELECTOR = YES;
				GCC_WARN_UNINITIALIZED_AUTOS = YES_AGGRESSIVE;
				GCC_WARN_UNUSED_FUNCTION = YES;
				GCC_WARN_UNUSED_VARIABLE = YES;
				IPHONEOS_DEPLOYMENT_TARGET = 9.3;
				MTL_ENABLE_DEBUG_INFO = NO;
				SDKROOT = iphoneos;
				TARGETED_DEVICE_FAMILY = "1,2";
				VALIDATE_PRODUCT = YES;
				VERSIONING_SYSTEM = "apple-generic";
				VERSION_INFO_PREFIX = "";
			};
			name = Release;
		};
		229173CE1CE98FB60085378C /* Debug */ = {
			isa = XCBuildConfiguration;
			buildSettings = {
				CLANG_ENABLE_MODULES = YES;
				DEFINES_MODULE = YES;
				DYLIB_COMPATIBILITY_VERSION = 1;
				DYLIB_CURRENT_VERSION = 1;
				DYLIB_INSTALL_NAME_BASE = "@rpath";
				INFOPLIST_FILE = SwiftDataStructures/Info.plist;
				INSTALL_PATH = "$(LOCAL_LIBRARY_DIR)/Frameworks";
				LD_RUNPATH_SEARCH_PATHS = "$(inherited) @executable_path/Frameworks @loader_path/Frameworks";
				PRODUCT_BUNDLE_IDENTIFIER = com.whatlieswithin.SwiftDataStructures;
				PRODUCT_NAME = "$(TARGET_NAME)";
				SKIP_INSTALL = YES;
				SWIFT_OPTIMIZATION_LEVEL = "-Onone";
			};
			name = Debug;
		};
		229173CF1CE98FB60085378C /* Release */ = {
			isa = XCBuildConfiguration;
			buildSettings = {
				CLANG_ENABLE_MODULES = YES;
				DEFINES_MODULE = YES;
				DYLIB_COMPATIBILITY_VERSION = 1;
				DYLIB_CURRENT_VERSION = 1;
				DYLIB_INSTALL_NAME_BASE = "@rpath";
				INFOPLIST_FILE = SwiftDataStructures/Info.plist;
				INSTALL_PATH = "$(LOCAL_LIBRARY_DIR)/Frameworks";
				LD_RUNPATH_SEARCH_PATHS = "$(inherited) @executable_path/Frameworks @loader_path/Frameworks";
				PRODUCT_BUNDLE_IDENTIFIER = com.whatlieswithin.SwiftDataStructures;
				PRODUCT_NAME = "$(TARGET_NAME)";
				SKIP_INSTALL = YES;
			};
			name = Release;
		};
		229173D11CE98FB60085378C /* Debug */ = {
			isa = XCBuildConfiguration;
			buildSettings = {
				INFOPLIST_FILE = SwiftDataStructuresTests/Info.plist;
				LD_RUNPATH_SEARCH_PATHS = "$(inherited) @executable_path/Frameworks @loader_path/Frameworks";
				PRODUCT_BUNDLE_IDENTIFIER = com.whatlieswithin.SwiftDataStructuresTests;
				PRODUCT_NAME = "$(TARGET_NAME)";
			};
			name = Debug;
		};
		229173D21CE98FB60085378C /* Release */ = {
			isa = XCBuildConfiguration;
			buildSettings = {
				INFOPLIST_FILE = SwiftDataStructuresTests/Info.plist;
				LD_RUNPATH_SEARCH_PATHS = "$(inherited) @executable_path/Frameworks @loader_path/Frameworks";
				PRODUCT_BUNDLE_IDENTIFIER = com.whatlieswithin.SwiftDataStructuresTests;
				PRODUCT_NAME = "$(TARGET_NAME)";
			};
			name = Release;
		};
/* End XCBuildConfiguration section */

/* Begin XCConfigurationList section */
		229173B31CE98FB60085378C /* Build configuration list for PBXProject "SwiftDataStructures" */ = {
			isa = XCConfigurationList;
			buildConfigurations = (
				229173CB1CE98FB60085378C /* Debug */,
				229173CC1CE98FB60085378C /* Release */,
			);
			defaultConfigurationIsVisible = 0;
			defaultConfigurationName = Release;
		};
		229173CD1CE98FB60085378C /* Build configuration list for PBXNativeTarget "SwiftDataStructures" */ = {
			isa = XCConfigurationList;
			buildConfigurations = (
				229173CE1CE98FB60085378C /* Debug */,
				229173CF1CE98FB60085378C /* Release */,
			);
			defaultConfigurationIsVisible = 0;
			defaultConfigurationName = Release;
		};
		229173D01CE98FB60085378C /* Build configuration list for PBXNativeTarget "SwiftDataStructuresTests" */ = {
			isa = XCConfigurationList;
			buildConfigurations = (
				229173D11CE98FB60085378C /* Debug */,
				229173D21CE98FB60085378C /* Release */,
			);
			defaultConfigurationIsVisible = 0;
			defaultConfigurationName = Release;
		};
/* End XCConfigurationList section */
	};
	rootObject = 229173B01CE98FB60085378C /* Project object */;
}
